// !$*UTF8*$!
{
	archiveVersion = 1;
	classes = {
	};
	objectVersion = 46;
	objects = {

/* Begin PBXBuildFile section */
		3EAF4FA01EBADACD001D659C /* main.m in Sources */ = {isa = PBXBuildFile; fileRef = 3EAF4F9F1EBADACD001D659C /* main.m */; };
		3EAF4FA31EBADACD001D659C /* AppDelegate.m in Sources */ = {isa = PBXBuildFile; fileRef = 3EAF4FA21EBADACD001D659C /* AppDelegate.m */; };
		3EAF4FA91EBADACD001D659C /* Main.storyboard in Resources */ = {isa = PBXBuildFile; fileRef = 3EAF4FA71EBADACD001D659C /* Main.storyboard */; };
		3EAF4FAB1EBADACD001D659C /* Assets.xcassets in Resources */ = {isa = PBXBuildFile; fileRef = 3EAF4FAA1EBADACD001D659C /* Assets.xcassets */; };
		3EAF4FAE1EBADACD001D659C /* LaunchScreen.storyboard in Resources */ = {isa = PBXBuildFile; fileRef = 3EAF4FAC1EBADACD001D659C /* LaunchScreen.storyboard */; };
		3EAF4FC01EBADB44001D659C /* DHSearchSuggestViewController.m in Sources */ = {isa = PBXBuildFile; fileRef = 3EAF4FBD1EBADB44001D659C /* DHSearchSuggestViewController.m */; };
		3EAF4FC11EBADB44001D659C /* DHSearchViewController.m in Sources */ = {isa = PBXBuildFile; fileRef = 3EAF4FBF1EBADB44001D659C /* DHSearchViewController.m */; };
		3EAF4FC41EBADB56001D659C /* RootViewController.m in Sources */ = {isa = PBXBuildFile; fileRef = 3EAF4FC31EBADB56001D659C /* RootViewController.m */; };
		3EAF4FC71EBADC2E001D659C /* UIColor+DHExtension.m in Sources */ = {isa = PBXBuildFile; fileRef = 3EAF4FC61EBADC2E001D659C /* UIColor+DHExtension.m */; };
		3EAF4FCA1EBADDB9001D659C /* UIView+Addition.m in Sources */ = {isa = PBXBuildFile; fileRef = 3EAF4FC91EBADDB9001D659C /* UIView+Addition.m */; };
/* End PBXBuildFile section */

/* Begin PBXFileReference section */
		3EAF4F9B1EBADACD001D659C /* DHSearchView.app */ = {isa = PBXFileReference; explicitFileType = wrapper.application; includeInIndex = 0; path = DHSearchView.app; sourceTree = BUILT_PRODUCTS_DIR; };
		3EAF4F9F1EBADACD001D659C /* main.m */ = {isa = PBXFileReference; lastKnownFileType = sourcecode.c.objc; path = main.m; sourceTree = "<group>"; };
		3EAF4FA11EBADACD001D659C /* AppDelegate.h */ = {isa = PBXFileReference; lastKnownFileType = sourcecode.c.h; path = AppDelegate.h; sourceTree = "<group>"; };
		3EAF4FA21EBADACD001D659C /* AppDelegate.m */ = {isa = PBXFileReference; lastKnownFileType = sourcecode.c.objc; path = AppDelegate.m; sourceTree = "<group>"; };
		3EAF4FA81EBADACD001D659C /* Base */ = {isa = PBXFileReference; lastKnownFileType = file.storyboard; name = Base; path = Base.lproj/Main.storyboard; sourceTree = "<group>"; };
		3EAF4FAA1EBADACD001D659C /* Assets.xcassets */ = {isa = PBXFileReference; lastKnownFileType = folder.assetcatalog; path = Assets.xcassets; sourceTree = "<group>"; };
		3EAF4FAD1EBADACD001D659C /* Base */ = {isa = PBXFileReference; lastKnownFileType = file.storyboard; name = Base; path = Base.lproj/LaunchScreen.storyboard; sourceTree = "<group>"; };
		3EAF4FAF1EBADACD001D659C /* Info.plist */ = {isa = PBXFileReference; lastKnownFileType = text.plist.xml; path = Info.plist; sourceTree = "<group>"; };
		3EAF4FBC1EBADB44001D659C /* DHSearchSuggestViewController.h */ = {isa = PBXFileReference; fileEncoding = 4; lastKnownFileType = sourcecode.c.h; path = DHSearchSuggestViewController.h; sourceTree = "<group>"; };
		3EAF4FBD1EBADB44001D659C /* DHSearchSuggestViewController.m */ = {isa = PBXFileReference; fileEncoding = 4; lastKnownFileType = sourcecode.c.objc; path = DHSearchSuggestViewController.m; sourceTree = "<group>"; };
		3EAF4FBE1EBADB44001D659C /* DHSearchViewController.h */ = {isa = PBXFileReference; fileEncoding = 4; lastKnownFileType = sourcecode.c.h; path = DHSearchViewController.h; sourceTree = "<group>"; };
		3EAF4FBF1EBADB44001D659C /* DHSearchViewController.m */ = {isa = PBXFileReference; fileEncoding = 4; lastKnownFileType = sourcecode.c.objc; path = DHSearchViewController.m; sourceTree = "<group>"; };
		3EAF4FC21EBADB56001D659C /* RootViewController.h */ = {isa = PBXFileReference; fileEncoding = 4; lastKnownFileType = sourcecode.c.h; path = RootViewController.h; sourceTree = "<group>"; };
		3EAF4FC31EBADB56001D659C /* RootViewController.m */ = {isa = PBXFileReference; fileEncoding = 4; lastKnownFileType = sourcecode.c.objc; path = RootViewController.m; sourceTree = "<group>"; };
		3EAF4FC51EBADC2E001D659C /* UIColor+DHExtension.h */ = {isa = PBXFileReference; fileEncoding = 4; lastKnownFileType = sourcecode.c.h; path = "UIColor+DHExtension.h"; sourceTree = "<group>"; };
		3EAF4FC61EBADC2E001D659C /* UIColor+DHExtension.m */ = {isa = PBXFileReference; fileEncoding = 4; lastKnownFileType = sourcecode.c.objc; path = "UIColor+DHExtension.m"; sourceTree = "<group>"; };
		3EAF4FC81EBADDB9001D659C /* UIView+Addition.h */ = {isa = PBXFileReference; fileEncoding = 4; lastKnownFileType = sourcecode.c.h; path = "UIView+Addition.h"; sourceTree = "<group>"; };
		3EAF4FC91EBADDB9001D659C /* UIView+Addition.m */ = {isa = PBXFileReference; fileEncoding = 4; lastKnownFileType = sourcecode.c.objc; path = "UIView+Addition.m"; sourceTree = "<group>"; };
/* End PBXFileReference section */

/* Begin PBXFrameworksBuildPhase section */
		3EAF4F981EBADACD001D659C /* Frameworks */ = {
			isa = PBXFrameworksBuildPhase;
			buildActionMask = 2147483647;
			files = (
			);
			runOnlyForDeploymentPostprocessing = 0;
		};
/* End PBXFrameworksBuildPhase section */

/* Begin PBXGroup section */
		3EAF4F921EBADACD001D659C = {
			isa = PBXGroup;
			children = (
				3EAF4F9D1EBADACD001D659C /* DHSearchView */,
				3EAF4F9C1EBADACD001D659C /* Products */,
			);
			sourceTree = "<group>";
		};
		3EAF4F9C1EBADACD001D659C /* Products */ = {
			isa = PBXGroup;
			children = (
				3EAF4F9B1EBADACD001D659C /* DHSearchView.app */,
			);
			name = Products;
			sourceTree = "<group>";
		};
		3EAF4F9D1EBADACD001D659C /* DHSearchView */ = {
			isa = PBXGroup;
			children = (
				3EAF4FBB1EBADB44001D659C /* DHSearchView */,
				3EAF4FA11EBADACD001D659C /* AppDelegate.h */,
				3EAF4FA21EBADACD001D659C /* AppDelegate.m */,
				3EAF4FC21EBADB56001D659C /* RootViewController.h */,
				3EAF4FC31EBADB56001D659C /* RootViewController.m */,
				3EAF4FA71EBADACD001D659C /* Main.storyboard */,
				3EAF4FAA1EBADACD001D659C /* Assets.xcassets */,
				3EAF4FAC1EBADACD001D659C /* LaunchScreen.storyboard */,
				3EAF4FAF1EBADACD001D659C /* Info.plist */,
				3EAF4F9E1EBADACD001D659C /* Supporting Files */,
			);
			path = DHSearchView;
			sourceTree = "<group>";
		};
		3EAF4F9E1EBADACD001D659C /* Supporting Files */ = {
			isa = PBXGroup;
			children = (
				3EAF4F9F1EBADACD001D659C /* main.m */,
			);
			name = "Supporting Files";
			sourceTree = "<group>";
		};
		3EAF4FBB1EBADB44001D659C /* DHSearchView */ = {
			isa = PBXGroup;
			children = (
				3EAF4FBC1EBADB44001D659C /* DHSearchSuggestViewController.h */,
				3EAF4FBD1EBADB44001D659C /* DHSearchSuggestViewController.m */,
				3EAF4FBE1EBADB44001D659C /* DHSearchViewController.h */,
				3EAF4FBF1EBADB44001D659C /* DHSearchViewController.m */,
				3EAF4FC51EBADC2E001D659C /* UIColor+DHExtension.h */,
				3EAF4FC61EBADC2E001D659C /* UIColor+DHExtension.m */,
				3EAF4FC81EBADDB9001D659C /* UIView+Addition.h */,
				3EAF4FC91EBADDB9001D659C /* UIView+Addition.m */,
			);
			path = DHSearchView;
			sourceTree = "<group>";
		};
/* End PBXGroup section */

/* Begin PBXNativeTarget section */
		3EAF4F9A1EBADACD001D659C /* DHSearchView */ = {
			isa = PBXNativeTarget;
			buildConfigurationList = 3EAF4FB21EBADACD001D659C /* Build configuration list for PBXNativeTarget "DHSearchView" */;
			buildPhases = (
				3EAF4F971EBADACD001D659C /* Sources */,
				3EAF4F981EBADACD001D659C /* Frameworks */,
				3EAF4F991EBADACD001D659C /* Resources */,
			);
			buildRules = (
			);
			dependencies = (
			);
			name = DHSearchView;
			productName = DHSearchView;
			productReference = 3EAF4F9B1EBADACD001D659C /* DHSearchView.app */;
			productType = "com.apple.product-type.application";
		};
/* End PBXNativeTarget section */

/* Begin PBXProject section */
		3EAF4F931EBADACD001D659C /* Project object */ = {
			isa = PBXProject;
			attributes = {
				LastUpgradeCheck = 0830;
				ORGANIZATIONNAME = zhangdinghao;
				TargetAttributes = {
					3EAF4F9A1EBADACD001D659C = {
						CreatedOnToolsVersion = 8.3.2;
						DevelopmentTeam = PRKPCBLSYK;
						ProvisioningStyle = Automatic;
					};
				};
			};
			buildConfigurationList = 3EAF4F961EBADACD001D659C /* Build configuration list for PBXProject "DHSearchView" */;
			compatibilityVersion = "Xcode 3.2";
			developmentRegion = English;
			hasScannedForEncodings = 0;
			knownRegions = (
				en,
				Base,
			);
			mainGroup = 3EAF4F921EBADACD001D659C;
			productRefGroup = 3EAF4F9C1EBADACD001D659C /* Products */;
			projectDirPath = "";
			projectRoot = "";
			targets = (
				3EAF4F9A1EBADACD001D659C /* DHSearchView */,
			);
		};
/* End PBXProject section */

/* Begin PBXResourcesBuildPhase section */
		3EAF4F991EBADACD001D659C /* Resources */ = {
			isa = PBXResourcesBuildPhase;
			buildActionMask = 2147483647;
			files = (
				3EAF4FAE1EBADACD001D659C /* LaunchScreen.storyboard in Resources */,
				3EAF4FAB1EBADACD001D659C /* Assets.xcassets in Resources */,
				3EAF4FA91EBADACD001D659C /* Main.storyboard in Resources */,
			);
			runOnlyForDeploymentPostprocessing = 0;
		};
/* End PBXResourcesBuildPhase section */

/* Begin PBXSourcesBuildPhase section */
		3EAF4F971EBADACD001D659C /* Sources */ = {
			isa = PBXSourcesBuildPhase;
			buildActionMask = 2147483647;
			files = (
				3EAF4FC01EBADB44001D659C /* DHSearchSuggestViewController.m in Sources */,
				3EAF4FCA1EBADDB9001D659C /* UIView+Addition.m in Sources */,
				3EAF4FC71EBADC2E001D659C /* UIColor+DHExtension.m in Sources */,
				3EAF4FC41EBADB56001D659C /* RootViewController.m in Sources */,
				3EAF4FA31EBADACD001D659C /* AppDelegate.m in Sources */,
				3EAF4FA01EBADACD001D659C /* main.m in Sources */,
				3EAF4FC11EBADB44001D659C /* DHSearchViewController.m in Sources */,
			);
			runOnlyForDeploymentPostprocessing = 0;
		};
/* End PBXSourcesBuildPhase section */

/* Begin PBXVariantGroup section */
		3EAF4FA71EBADACD001D659C /* Main.storyboard */ = {
			isa = PBXVariantGroup;
			children = (
				3EAF4FA81EBADACD001D659C /* Base */,
			);
			name = Main.storyboard;
			sourceTree = "<group>";
		};
		3EAF4FAC1EBADACD001D659C /* LaunchScreen.storyboard */ = {
			isa = PBXVariantGroup;
			children = (
				3EAF4FAD1EBADACD001D659C /* Base */,
			);
			name = LaunchScreen.storyboard;
			sourceTree = "<group>";
		};
/* End PBXVariantGroup section */

/* Begin XCBuildConfiguration section */
		3EAF4FB01EBADACD001D659C /* Debug */ = {
			isa = XCBuildConfiguration;
			buildSettings = {
				ALWAYS_SEARCH_USER_PATHS = NO;
				CLANG_ANALYZER_NONNULL = YES;
				CLANG_ANALYZER_NUMBER_OBJECT_CONVERSION = YES_AGGRESSIVE;
				CLANG_CXX_LANGUAGE_STANDARD = "gnu++0x";
				CLANG_CXX_LIBRARY = "libc++";
				CLANG_ENABLE_MODULES = YES;
				CLANG_ENABLE_OBJC_ARC = YES;
				CLANG_WARN_BOOL_CONVERSION = YES;
				CLANG_WARN_CONSTANT_CONVERSION = YES;
				CLANG_WARN_DIRECT_OBJC_ISA_USAGE = YES_ERROR;
				CLANG_WARN_DOCUMENTATION_COMMENTS = YES;
				CLANG_WARN_EMPTY_BODY = YES;
				CLANG_WARN_ENUM_CONVERSION = YES;
				CLANG_WARN_INFINITE_RECURSION = YES;
				CLANG_WARN_INT_CONVERSION = YES;
				CLANG_WARN_OBJC_ROOT_CLASS = YES_ERROR;
				CLANG_WARN_SUSPICIOUS_MOVE = YES;
				CLANG_WARN_UNREACHABLE_CODE = YES;
				CLANG_WARN__DUPLICATE_METHOD_MATCH = YES;
				"CODE_SIGN_IDENTITY[sdk=iphoneos*]" = "iPhone Developer";
				COPY_PHASE_STRIP = NO;
				DEBUG_INFORMATION_FORMAT = dwarf;
				ENABLE_STRICT_OBJC_MSGSEND = YES;
				ENABLE_TESTABILITY = YES;
				GCC_C_LANGUAGE_STANDARD = gnu99;
				GCC_DYNAMIC_NO_PIC = NO;
				GCC_NO_COMMON_BLOCKS = YES;
				GCC_OPTIMIZATION_LEVEL = 0;
				GCC_PREPROCESSOR_DEFINITIONS = (
					"DEBUG=1",
					"$(inherited)",
				);
				GCC_WARN_64_TO_32_BIT_CONVERSION = YES;
				GCC_WARN_ABOUT_RETURN_TYPE = YES_ERROR;
				GCC_WARN_UNDECLARED_SELECTOR = YES;
				GCC_WARN_UNINITIALIZED_AUTOS = YES_AGGRESSIVE;
				GCC_WARN_UNUSED_FUNCTION = YES;
				GCC_WARN_UNUSED_VARIABLE = YES;
				IPHONEOS_DEPLOYMENT_TARGET = 10.3;
				MTL_ENABLE_DEBUG_INFO = YES;
				ONLY_ACTIVE_ARCH = YES;
				SDKROOT = iphoneos;
			};
			name = Debug;
		};
		3EAF4FB11EBADACD001D659C /* Release */ = {
			isa = XCBuildConfiguration;
			buildSettings = {
				ALWAYS_SEARCH_USER_PATHS = NO;
				CLANG_ANALYZER_NONNULL = YES;
				CLANG_ANALYZER_NUMBER_OBJECT_CONVERSION = YES_AGGRESSIVE;
				CLANG_CXX_LANGUAGE_STANDARD = "gnu++0x";
				CLANG_CXX_LIBRARY = "libc++";
				CLANG_ENABLE_MODULES = YES;
				CLANG_ENABLE_OBJC_ARC = YES;
				CLANG_WARN_BOOL_CONVERSION = YES;
				CLANG_WARN_CONSTANT_CONVERSION = YES;
				CLANG_WARN_DIRECT_OBJC_ISA_USAGE = YES_ERROR;
				CLANG_WARN_DOCUMENTATION_COMMENTS = YES;
				CLANG_WARN_EMPTY_BODY = YES;
				CLANG_WARN_ENUM_CONVERSION = YES;
				CLANG_WARN_INFINITE_RECURSION = YES;
				CLANG_WARN_INT_CONVERSION = YES;
				CLANG_WARN_OBJC_ROOT_CLASS = YES_ERROR;
				CLANG_WARN_SUSPICIOUS_MOVE = YES;
				CLANG_WARN_UNREACHABLE_CODE = YES;
				CLANG_WARN__DUPLICATE_METHOD_MATCH = YES;
				"CODE_SIGN_IDENTITY[sdk=iphoneos*]" = "iPhone Developer";
				COPY_PHASE_STRIP = NO;
				DEBUG_INFORMATION_FORMAT = "dwarf-with-dsym";
				ENABLE_NS_ASSERTIONS = NO;
				ENABLE_STRICT_OBJC_MSGSEND = YES;
				GCC_C_LANGUAGE_STANDARD = gnu99;
				GCC_NO_COMMON_BLOCKS = YES;
				GCC_WARN_64_TO_32_BIT_CONVERSION = YES;
				GCC_WARN_ABOUT_RETURN_TYPE = YES_ERROR;
				GCC_WARN_UNDECLARED_SELECTOR = YES;
				GCC_WARN_UNINITIALIZED_AUTOS = YES_AGGRESSIVE;
				GCC_WARN_UNUSED_FUNCTION = YES;
				GCC_WARN_UNUSED_VARIABLE = YES;
				IPHONEOS_DEPLOYMENT_TARGET = 10.3;
				MTL_ENABLE_DEBUG_INFO = NO;
				SDKROOT = iphoneos;
				VALIDATE_PRODUCT = YES;
			};
			name = Release;
		};
		3EAF4FB31EBADACD001D659C /* Debug */ = {
			isa = XCBuildConfiguration;
			buildSettings = {
				ASSETCATALOG_COMPILER_APPICON_NAME = AppIcon;
				DEVELOPMENT_TEAM = PRKPCBLSYK;
				INFOPLIST_FILE = DHSearchView/Info.plist;
				LD_RUNPATH_SEARCH_PATHS = "$(inherited) @executable_path/Frameworks";
				PRODUCT_BUNDLE_IDENTIFIER = com.zhangdinghao.DHSearchView;
				PRODUCT_NAME = "$(TARGET_NAME)";
			};
			name = Debug;
		};
		3EAF4FB41EBADACD001D659C /* Release */ = {
			isa = XCBuildConfiguration;
			buildSettings = {
				ASSETCATALOG_COMPILER_APPICON_NAME = AppIcon;
				DEVELOPMENT_TEAM = PRKPCBLSYK;
				INFOPLIST_FILE = DHSearchView/Info.plist;
				LD_RUNPATH_SEARCH_PATHS = "$(inherited) @executable_path/Frameworks";
				PRODUCT_BUNDLE_IDENTIFIER = com.zhangdinghao.DHSearchView;
				PRODUCT_NAME = "$(TARGET_NAME)";
			};
			name = Release;
		};
/* End XCBuildConfiguration section */

/* Begin XCConfigurationList section */
		3EAF4F961EBADACD001D659C /* Build configuration list for PBXProject "DHSearchView" */ = {
			isa = XCConfigurationList;
			buildConfigurations = (
				3EAF4FB01EBADACD001D659C /* Debug */,
				3EAF4FB11EBADACD001D659C /* Release */,
			);
			defaultConfigurationIsVisible = 0;
			defaultConfigurationName = Release;
		};
		3EAF4FB21EBADACD001D659C /* Build configuration list for PBXNativeTarget "DHSearchView" */ = {
			isa = XCConfigurationList;
			buildConfigurations = (
				3EAF4FB31EBADACD001D659C /* Debug */,
				3EAF4FB41EBADACD001D659C /* Release */,
			);
			defaultConfigurationIsVisible = 0;
			defaultConfigurationName = Release;
		};
/* End XCConfigurationList section */
	};
	rootObject = 3EAF4F931EBADACD001D659C /* Project object */;
}
